
Microsoft Visual Studio Solution File, Format Version 12.00
# Visual Studio Version 17
VisualStudioVersion = 17.14.36414.22 d17.14
MinimumVisualStudioVersion = 10.0.40219.1
Project("{FAE04EC0-301F-11D3-BF4B-00C04F79EFBC}") = "CloudCompute", "CloudCompute\CloudCompute.csproj", "{7BEA7722-074C-49B0-BED4-5D1720B366AB}"
EndProject
Global
	GlobalSection(SolutionConfigurationPlatforms) = preSolution
		Debug|Any CPU = Debug|Any CPU
		Release|Any CPU = Release|Any CPU
	EndGlobalSection
	GlobalSection(ProjectConfigurationPlatforms) = postSolution
		{7BEA7722-074C-49B0-BED4-5D1720B366AB}.Debug|Any CPU.ActiveCfg = Debug|Any CPU
		{7BEA7722-074C-49B0-BED4-5D1720B366AB}.Debug|Any CPU.Build.0 = Debug|Any CPU
		{7BEA7722-074C-49B0-BED4-5D1720B366AB}.Release|Any CPU.ActiveCfg = Release|Any CPU
		{7BEA7722-074C-49B0-BED4-5D1720B366AB}.Release|Any CPU.Build.0 = Release|Any CPU
	EndGlobalSection
	GlobalSection(SolutionProperties) = preSolution
		HideSolutionNode = FALSE
	EndGlobalSection
	GlobalSection(ExtensibilityGlobals) = postSolution
		SolutionGuid = {2C6D125E-A950-40DC-807A-D69046D68C84}
	EndGlobalSection
EndGlobal
